{
  "version": 1,
  "dependencies": {
    "net10.0": {
      "Deep.Protocol": {
        "type": "Transitive",
        "resolved": "0.3.0-p10j.2886880",
        "contentHash": "8nktp5tV9oPxOZbq9g9YDq0I8tmkkqY4mdXP9hZgBEnZi1xlfPq6j6I/s1xUFt0+4/ModMlGv9X/RU0iJ/vFbw==",
        "dependencies": {
          "Deep.Protocol.Abstractions": "0.3.0-p10j.2886880",
          "Deep.Protocol.Protobuf": "0.3.0-p10j.2886880",
          "Sodium.Core": "1.4.1"
        }
      },
      "Deep.Protocol.Abstractions": {
        "type": "Transitive",
        "resolved": "0.3.0-p10j.2886880",
        "contentHash": "TISUMPw1EdqdMuBg40Etd2cJEIWDRd6GTvOWXqKhMdVNsNsqfQOTYqN8hwfJl91bmm08zwsRBggpU27gG5MgbA=="
      },
      "Deep.Protocol.MembershipRoutes": {
        "type": "Transitive",
        "resolved": "0.3.0-p10j.2886880",
        "contentHash": "YqMECr+ZDVI97sv9Ly13rSrYx6azu9xwRhGcD4X4zc4AFxeQEcM4vPxtA3bIN9qOKqNAk+/KlZx+uWWLVTvC9w==",
        "dependencies": {
          "Deep.Protocol": "0.3.0-p10j.2886880"
        }
      },
      "Deep.Protocol.Protobuf": {
        "type": "Transitive",
        "resolved": "0.3.0-p10j.2886880",
        "contentHash": "imPhQvJe1Nxn4PfR43q+4HbKnoBAmTWnyMoqFLsBvCiWKgl8ADyOhK0BuTChu8j15pQGdaUWVP7XA1MHgwXqzA==",
        "dependencies": {
          "Google.Protobuf": "3.32.1"
        }
      },
      "Google.Protobuf": {
        "type": "Transitive",
        "resolved": "3.32.1",
        "contentHash": "HbFFRNU46e1E+qhGvwCDAO2EZ80WADqlkNqlOBYvGi7SNxwMPkTrReZgCg9/TrXwLO/n0za+AIiT2IplzqrjZw=="
      },
      "Keccak256": {
        "type": "Transitive",
        "resolved": "1.0.2",
        "contentHash": "C17EWht0c2yVJRbfj9iuX6VHBQ4NiCeTVbb2cFje9BE3Tc9KKyHRN0cjL635cEWrVVZMn7n8NQTvntVMXTT5SA=="
      },
      "libsodium": {
        "type": "Transitive",
        "resolved": "1.0.22",
        "contentHash": "KPD9SloJFclrsjnhABu7dzWrcyYkwPbvx5l1gRSPAX/0n+OBtSiVCKtGFv4n+ecWUHU0tCG9LSSwoZZx673zBQ=="
      },
      "Neo.Cryptography.BLS12_381": {
        "type": "Transitive",
        "resolved": "3.9.0",
        "contentHash": "/SE5BJndqRcbk4ri4p6dvttgg3uuQ8Wi5viGxx+Qhs4oRETXG7OM9M5hPQweGcwpErEqK8Qc1Nbx/K37qPxIpw=="
      },
      "Rebex.Elliptic.Ed25519": {
        "type": "Transitive",
        "resolved": "1.2.2",
        "contentHash": "19Fopd+m6rkrotbA9XY1bJ7BOL1N5cipC6K2RLshY1y6jEGC+5cCl2OgRGDhEda3CQ2vbNQUZORlqUkMTErblw=="
      },
      "Sodium.Core": {
        "type": "Transitive",
        "resolved": "1.4.1",
        "contentHash": "K1Xhi20h9H15UPOa6NDNgW81NYN6AAvVT+v0Jz3n1qLS/nqiWzamWCyHyFxgoriCEMA90L1KQbYrIqBH+zKbrg==",
        "dependencies": {
          "libsodium": "[1.0.22, 1.0.23)"
        }
      },
      "xnode.core": {
        "type": "Project",
        "dependencies": {
          "Deep.Protocol": "[0.3.0-p10j.2886880, 0.3.0-p10j.2886880]",
          "Deep.Protocol.MembershipRoutes": "[0.3.0-p10j.2886880, 0.3.0-p10j.2886880]",
          "Rebex.Elliptic.Ed25519": "[1.2.2, )",
          "Sodium.Core": "[1.4.1, )"
        }
      },
      "xnode.registry": {
        "type": "Project",
        "dependencies": {
          "Keccak256": "[1.0.2, )",
          "Neo.Cryptography.BLS12_381": "[3.9.0, )",
          "XNode.Core": "[1.0.0, )",
          "XNode.Transport.Vless": "[1.0.0, )"
        }
      },
      "xnode.transport.vless": {
        "type": "Project",
        "dependencies": {
          "XNode.Core": "[1.0.0, )"
        }
      }
    },
    "net10.0/linux-arm64": {
      "libsodium": {
        "type": "Transitive",
        "resolved": "1.0.22",
        "contentHash": "KPD9SloJFclrsjnhABu7dzWrcyYkwPbvx5l1gRSPAX/0n+OBtSiVCKtGFv4n+ecWUHU0tCG9LSSwoZZx673zBQ=="
      }
    },
    "net10.0/linux-x64": {
      "libsodium": {
        "type": "Transitive",
        "resolved": "1.0.22",
        "contentHash": "KPD9SloJFclrsjnhABu7dzWrcyYkwPbvx5l1gRSPAX/0n+OBtSiVCKtGFv4n+ecWUHU0tCG9LSSwoZZx673zBQ=="
      }
    }
  }
}