{
  "version": 1,
  "dependencies": {
    "net10.0": {
      "Deep.Protocol": {
        "type": "Direct",
        "requested": "[0.5.0-survival.9a7eaed, 0.5.0-survival.9a7eaed]",
        "resolved": "0.5.0-survival.9a7eaed",
        "contentHash": "bS/XP1jC4EdbJ+SExC2X6NqgjsQ69fdkFxbCmCb5RLWQiAE02fdhS22mrGq5ZST9q9iEl9nHwYTNG3HSlZ4Nnw==",
        "dependencies": {
          "Sodium.Core": "1.4.1"
        }
      },
      "Deep.Protocol.MembershipRoutes": {
        "type": "Direct",
        "requested": "[0.5.0-survival.9a7eaed, 0.5.0-survival.9a7eaed]",
        "resolved": "0.5.0-survival.9a7eaed",
        "contentHash": "wYu82Wm7FjSeb+XJC8E+hsfj60nfcegoKg8qPo7Dlv81RRYEuZVhxd9mHLn2BG/ZAZueHQvN/Q9lDFPPC2ttYw==",
        "dependencies": {
          "Deep.Protocol": "[0.5.0-survival.9a7eaed]"
        }
      },
      "Deep.Protocol.ProfileCarrier": {
        "type": "Direct",
        "requested": "[0.5.0-survival.9a7eaed, 0.5.0-survival.9a7eaed]",
        "resolved": "0.5.0-survival.9a7eaed",
        "contentHash": "z9a48e4pK+J1aUlSuK14Weh777eCJLBKh7aU+uNG5pmNl/PGmb1Lz92FUwLHe15uf0gg3fflOS+UlalKoOj6pA==",
        "dependencies": {
          "Deep.Protocol": "[0.5.0-survival.9a7eaed]",
          "Sodium.Core": "[1.4.1]",
          "libsodium": "[1.0.22]"
        }
      },
      "libsodium": {
        "type": "Transitive",
        "resolved": "1.0.22",
        "contentHash": "KPD9SloJFclrsjnhABu7dzWrcyYkwPbvx5l1gRSPAX/0n+OBtSiVCKtGFv4n+ecWUHU0tCG9LSSwoZZx673zBQ=="
      },
      "Sodium.Core": {
        "type": "Transitive",
        "resolved": "1.4.1",
        "contentHash": "K1Xhi20h9H15UPOa6NDNgW81NYN6AAvVT+v0Jz3n1qLS/nqiWzamWCyHyFxgoriCEMA90L1KQbYrIqBH+zKbrg==",
        "dependencies": {
          "libsodium": "[1.0.22, 1.0.23)"
        }
      }
    },
    "net10.0/win-arm64": {
      "libsodium": {
        "type": "Transitive",
        "resolved": "1.0.22",
        "contentHash": "KPD9SloJFclrsjnhABu7dzWrcyYkwPbvx5l1gRSPAX/0n+OBtSiVCKtGFv4n+ecWUHU0tCG9LSSwoZZx673zBQ=="
      }
    }
  }
}