{
  "version": 1,
  "dependencies": {
    "net10.0": {
      "Deep.Protocol": {
        "type": "Direct",
        "requested": "[0.3.0-p04.b887fa0, 0.3.0-p04.b887fa0]",
        "resolved": "0.3.0-p04.b887fa0",
        "contentHash": "SuKYcvhW1RNz/pPiQ6iac5J4XdnTOtLaxb8mFKc3MWhGseV2a6Jq5+BQg5r/AIobMvzKr85HcgQzkV6KF6jxVQ==",
        "dependencies": {
          "Deep.Protocol.Abstractions": "0.3.0-p04.b887fa0",
          "Deep.Protocol.Protobuf": "0.3.0-p04.b887fa0",
          "Sodium.Core": "1.4.1"
        }
      },
      "Deep.Protocol.Abstractions": {
        "type": "Transitive",
        "resolved": "0.3.0-p04.b887fa0",
        "contentHash": "T7JyXZuUXR5JXSNKEkVgMpUZWF8Y2HyQkJIQAt9RY50Ui/6XNHw6aH56aktpN2Vn4m/zgGZfd9RRxcKhH+uZCQ=="
      },
      "Deep.Protocol.Protobuf": {
        "type": "Transitive",
        "resolved": "0.3.0-p04.b887fa0",
        "contentHash": "qou2jnQ1G4eBg8crtpIp83lF6DRGSySoZKhTt4cLdL+v0AUp+cr7tYzJK0oo/zIwUOG3PeHZ2MyfYe8OBNsIPA==",
        "dependencies": {
          "Google.Protobuf": "3.32.1"
        }
      },
      "Google.Protobuf": {
        "type": "Transitive",
        "resolved": "3.32.1",
        "contentHash": "HbFFRNU46e1E+qhGvwCDAO2EZ80WADqlkNqlOBYvGi7SNxwMPkTrReZgCg9/TrXwLO/n0za+AIiT2IplzqrjZw=="
      },
      "libsodium": {
        "type": "Transitive",
        "resolved": "1.0.22",
        "contentHash": "KPD9SloJFclrsjnhABu7dzWrcyYkwPbvx5l1gRSPAX/0n+OBtSiVCKtGFv4n+ecWUHU0tCG9LSSwoZZx673zBQ=="
      },
      "Sodium.Core": {
        "type": "Transitive",
        "resolved": "1.4.1",
        "contentHash": "K1Xhi20h9H15UPOa6NDNgW81NYN6AAvVT+v0Jz3n1qLS/nqiWzamWCyHyFxgoriCEMA90L1KQbYrIqBH+zKbrg==",
        "dependencies": {
          "libsodium": "[1.0.22, 1.0.23)"
        }
      }
    },
    "net10.0/win-arm64": {
      "libsodium": {
        "type": "Transitive",
        "resolved": "1.0.22",
        "contentHash": "KPD9SloJFclrsjnhABu7dzWrcyYkwPbvx5l1gRSPAX/0n+OBtSiVCKtGFv4n+ecWUHU0tCG9LSSwoZZx673zBQ=="
      }
    }
  }
}