{
  "version": 1,
  "dependencies": {
    "net10.0": {
      "Deep.Protocol": {
        "type": "Direct",
        "requested": "[0.4.0-production.ff9f80f, 0.4.0-production.ff9f80f]",
        "resolved": "0.4.0-production.ff9f80f",
        "contentHash": "KEp7dKNCJcMoR04443k7XyC+HwztryAWL19B2P2hxFAKjCBdGRRz6yDCkWi2TeB69Bd9KsPBBvvD6AE5a4wcCg==",
        "dependencies": {
          "Deep.Protocol.Abstractions": "0.4.0-production.ff9f80f",
          "Deep.Protocol.Protobuf": "0.4.0-production.ff9f80f",
          "Sodium.Core": "1.4.1"
        }
      },
      "Deep.Protocol.MembershipRoutes": {
        "type": "Direct",
        "requested": "[0.4.0-production.ff9f80f, 0.4.0-production.ff9f80f]",
        "resolved": "0.4.0-production.ff9f80f",
        "contentHash": "D+DiNi/tkjQYOskkAWVs1DoIdXB4+rXUPSWSkbdvv5wJ28U0wg6G2ic8+BmVsF+lZx7R1KaVChF7Ac3UcPYq5A==",
        "dependencies": {
          "Deep.Protocol": "0.4.0-production.ff9f80f"
        }
      },
      "Microsoft.Extensions.Logging.Abstractions": {
        "type": "Direct",
        "requested": "[8.0.0, )",
        "resolved": "8.0.0",
        "contentHash": "arDBqTgFCyS0EvRV7O3MZturChstm50OJ0y9bDJvAcmEPJm0FFpFyjU/JLYyStNGGey081DvnQYlncNX5SJJGA==",
        "dependencies": {
          "Microsoft.Extensions.DependencyInjection.Abstractions": "8.0.0"
        }
      },
      "Rebex.Elliptic.Ed25519": {
        "type": "Direct",
        "requested": "[1.2.2, )",
        "resolved": "1.2.2",
        "contentHash": "19Fopd+m6rkrotbA9XY1bJ7BOL1N5cipC6K2RLshY1y6jEGC+5cCl2OgRGDhEda3CQ2vbNQUZORlqUkMTErblw=="
      },
      "Sodium.Core": {
        "type": "Direct",
        "requested": "[1.4.1, )",
        "resolved": "1.4.1",
        "contentHash": "K1Xhi20h9H15UPOa6NDNgW81NYN6AAvVT+v0Jz3n1qLS/nqiWzamWCyHyFxgoriCEMA90L1KQbYrIqBH+zKbrg==",
        "dependencies": {
          "libsodium": "[1.0.22, 1.0.23)"
        }
      },
      "Deep.Protocol.Abstractions": {
        "type": "Transitive",
        "resolved": "0.4.0-production.ff9f80f",
        "contentHash": "/cEz/MQtrbeLJHPzaksD7Fas43Ek1laNWV0yzntIejJOZpwMaeB9v/CVsVIAY8gvwp6mYAhLhh1NNDEhGEX7pA=="
      },
      "Deep.Protocol.Protobuf": {
        "type": "Transitive",
        "resolved": "0.4.0-production.ff9f80f",
        "contentHash": "0wHfWJqxrNtUj+avLRtz4MU0meA5eKKoJHBfA0nI6JSzTS8J9+SoP3oVuFr8zIi0iIfZNkWQqZ+azYhEzrtGaA==",
        "dependencies": {
          "Google.Protobuf": "3.32.1"
        }
      },
      "Google.Protobuf": {
        "type": "Transitive",
        "resolved": "3.32.1",
        "contentHash": "HbFFRNU46e1E+qhGvwCDAO2EZ80WADqlkNqlOBYvGi7SNxwMPkTrReZgCg9/TrXwLO/n0za+AIiT2IplzqrjZw=="
      },
      "libsodium": {
        "type": "Transitive",
        "resolved": "1.0.22",
        "contentHash": "KPD9SloJFclrsjnhABu7dzWrcyYkwPbvx5l1gRSPAX/0n+OBtSiVCKtGFv4n+ecWUHU0tCG9LSSwoZZx673zBQ=="
      },
      "Microsoft.Extensions.DependencyInjection.Abstractions": {
        "type": "Transitive",
        "resolved": "8.0.0",
        "contentHash": "cjWrLkJXK0rs4zofsK4bSdg+jhDLTaxrkXu4gS6Y7MAlCvRyNNgwY/lJi5RDlQOnSZweHqoyvgvbdvQsRIW+hg=="
      }
    },
    "net10.0/linux-arm64": {
      "libsodium": {
        "type": "Transitive",
        "resolved": "1.0.22",
        "contentHash": "KPD9SloJFclrsjnhABu7dzWrcyYkwPbvx5l1gRSPAX/0n+OBtSiVCKtGFv4n+ecWUHU0tCG9LSSwoZZx673zBQ=="
      }
    },
    "net10.0/linux-x64": {
      "libsodium": {
        "type": "Transitive",
        "resolved": "1.0.22",
        "contentHash": "KPD9SloJFclrsjnhABu7dzWrcyYkwPbvx5l1gRSPAX/0n+OBtSiVCKtGFv4n+ecWUHU0tCG9LSSwoZZx673zBQ=="
      }
    }
  }
}