{
  "version": 1,
  "dependencies": {
    "net10.0": {
      "Deep.Protocol": {
        "type": "Direct",
        "requested": "[0.4.0-production.588229f, 0.4.0-production.588229f]",
        "resolved": "0.4.0-production.588229f",
        "contentHash": "4/DSNbwQtzdAo8iVDRX3Q/vmxMIH5GrScnME2iRndIjKTUqyrqA0J6V7nHGZPlQ+52LFfzvgB5ZVzaQSZG9tlA==",
        "dependencies": {
          "Deep.Protocol.Abstractions": "[0.4.0-production.588229f]",
          "Deep.Protocol.Protobuf": "[0.4.0-production.588229f]",
          "Sodium.Core": "1.4.1"
        }
      },
      "Deep.Protocol.MembershipRoutes": {
        "type": "Direct",
        "requested": "[0.4.0-production.588229f, 0.4.0-production.588229f]",
        "resolved": "0.4.0-production.588229f",
        "contentHash": "Epe+Gs8QOErxGLQSeqhIAijtphPIknCQImQ7G6XdJMXXwjvsLZb6SbqXyW09+vXg2jwyBh+cwdLV+Sk6KnTulw==",
        "dependencies": {
          "Deep.Protocol": "[0.4.0-production.588229f]"
        }
      },
      "Microsoft.Extensions.Logging.Abstractions": {
        "type": "Direct",
        "requested": "[8.0.0, )",
        "resolved": "8.0.0",
        "contentHash": "arDBqTgFCyS0EvRV7O3MZturChstm50OJ0y9bDJvAcmEPJm0FFpFyjU/JLYyStNGGey081DvnQYlncNX5SJJGA==",
        "dependencies": {
          "Microsoft.Extensions.DependencyInjection.Abstractions": "8.0.0"
        }
      },
      "Rebex.Elliptic.Ed25519": {
        "type": "Direct",
        "requested": "[1.2.2, )",
        "resolved": "1.2.2",
        "contentHash": "19Fopd+m6rkrotbA9XY1bJ7BOL1N5cipC6K2RLshY1y6jEGC+5cCl2OgRGDhEda3CQ2vbNQUZORlqUkMTErblw=="
      },
      "Sodium.Core": {
        "type": "Direct",
        "requested": "[1.4.1, )",
        "resolved": "1.4.1",
        "contentHash": "K1Xhi20h9H15UPOa6NDNgW81NYN6AAvVT+v0Jz3n1qLS/nqiWzamWCyHyFxgoriCEMA90L1KQbYrIqBH+zKbrg==",
        "dependencies": {
          "libsodium": "[1.0.22, 1.0.23)"
        }
      },
      "Deep.Protocol.Abstractions": {
        "type": "Transitive",
        "resolved": "0.4.0-production.588229f",
        "contentHash": "B4RQQ9292hG4hQXdnTXX9ThZd8xI7AJmRaNk2gNiELUEbMqETCVtVyhSV7JQxiZz2yZa6MnyLq68tOvTSvKAlg=="
      },
      "Deep.Protocol.Protobuf": {
        "type": "Transitive",
        "resolved": "0.4.0-production.588229f",
        "contentHash": "HhYrlAR6yUqFK3nWiPOX+/t8trigeKiOWqt7/k6sj5rhwBSBDgxSqLBSNPaAu/xYDLywWM3PVGNJvqBxKotZnw==",
        "dependencies": {
          "Google.Protobuf": "3.32.1"
        }
      },
      "Google.Protobuf": {
        "type": "Transitive",
        "resolved": "3.32.1",
        "contentHash": "HbFFRNU46e1E+qhGvwCDAO2EZ80WADqlkNqlOBYvGi7SNxwMPkTrReZgCg9/TrXwLO/n0za+AIiT2IplzqrjZw=="
      },
      "libsodium": {
        "type": "Transitive",
        "resolved": "1.0.22",
        "contentHash": "KPD9SloJFclrsjnhABu7dzWrcyYkwPbvx5l1gRSPAX/0n+OBtSiVCKtGFv4n+ecWUHU0tCG9LSSwoZZx673zBQ=="
      },
      "Microsoft.Extensions.DependencyInjection.Abstractions": {
        "type": "Transitive",
        "resolved": "8.0.0",
        "contentHash": "cjWrLkJXK0rs4zofsK4bSdg+jhDLTaxrkXu4gS6Y7MAlCvRyNNgwY/lJi5RDlQOnSZweHqoyvgvbdvQsRIW+hg=="
      }
    },
    "net10.0/linux-arm64": {
      "libsodium": {
        "type": "Transitive",
        "resolved": "1.0.22",
        "contentHash": "KPD9SloJFclrsjnhABu7dzWrcyYkwPbvx5l1gRSPAX/0n+OBtSiVCKtGFv4n+ecWUHU0tCG9LSSwoZZx673zBQ=="
      }
    },
    "net10.0/linux-x64": {
      "libsodium": {
        "type": "Transitive",
        "resolved": "1.0.22",
        "contentHash": "KPD9SloJFclrsjnhABu7dzWrcyYkwPbvx5l1gRSPAX/0n+OBtSiVCKtGFv4n+ecWUHU0tCG9LSSwoZZx673zBQ=="
      }
    }
  }
}